PODS:
  - LNZWeakCollection (1.1.2)
  - RxCocoa (4.1.2):
    - RxSwift (~> 4.0)
  - RxSwift (4.2.0)
  - SwiftGen (5.3.0)

DEPENDENCIES:
  - LNZWeakCollection (~> 1.1.0)
  - RxCocoa (~> 4.1.2)
  - SwiftGen (~> 5.3.0)

SPEC REPOS:
  https://github.com/cocoapods/specs.git:
    - LNZWeakCollection
    - RxCocoa
    - RxSwift
    - SwiftGen

SPEC CHECKSUMS:
  LNZWeakCollection: 5060e07316f344f3621cf062a46f53dc63329d5e
  RxCocoa: d88ba0f1f6abf040011a9eb4b539324fc426843a
  RxSwift: 99e10317ddfcc7fbe01356aafd118fde4a0be104
  SwiftGen: 4379bd3640b0a212a0f6ea3c494adba385513d10

PODFILE CHECKSUM: d924053f1e87527b9ea64615bc38f062c4ba11ea

COCOAPODS: 1.5.3
