// !$*UTF8*$!
{
	archiveVersion = 1;
	classes = {
	};
	objectVersion = 51;
	objects = {

/* Begin PBXBuildFile section */
		500652E621D3C14C009466F9 /* RouterTests.swift in Sources */ = {isa = PBXBuildFile; fileRef = 500652E521D3C14C009466F9 /* RouterTests.swift */; };
		500652E821D3C1A0009466F9 /* MockRouter.swift in Sources */ = {isa = PBXBuildFile; fileRef = 500652E721D3C1A0009466F9 /* MockRouter.swift */; };
		5006670721A983ED00CDA08C /* EventsProducerTests.swift in Sources */ = {isa = PBXBuildFile; fileRef = 5006670621A983ED00CDA08C /* EventsProducerTests.swift */; };
		5006670921AB3AD300CDA08C /* MockEventProducer.swift in Sources */ = {isa = PBXBuildFile; fileRef = 5006670821AB3AD300CDA08C /* MockEventProducer.swift */; };
		5006670B21AB3B4000CDA08C /* MockEvent.swift in Sources */ = {isa = PBXBuildFile; fileRef = 5006670A21AB3B4000CDA08C /* MockEvent.swift */; };
		5006670D21AB3B9200CDA08C /* MockEventsListener.swift in Sources */ = {isa = PBXBuildFile; fileRef = 5006670C21AB3B9200CDA08C /* MockEventsListener.swift */; };
		500BC38321DEACBE00BA39F2 /* ModuleContextTests.swift in Sources */ = {isa = PBXBuildFile; fileRef = 500BC38221DEACBE00BA39F2 /* ModuleContextTests.swift */; };
		500BC38521DEB83A00BA39F2 /* ModuleTests.swift in Sources */ = {isa = PBXBuildFile; fileRef = 500BC38421DEB83A00BA39F2 /* ModuleTests.swift */; };
		501D6F0F2130BB4F00114F5A /* MERLin.framework in Frameworks */ = {isa = PBXBuildFile; fileRef = 501D6F052130BB4F00114F5A /* MERLin.framework */; };
		501D6F162130BB4F00114F5A /* MERLin.h in Headers */ = {isa = PBXBuildFile; fileRef = 501D6F082130BB4F00114F5A /* MERLin.h */; settings = {ATTRIBUTES = (Public, ); }; };
		501D6F702130BD1200114F5A /* BaseModuleManager.swift in Sources */ = {isa = PBXBuildFile; fileRef = 501D6F6C2130BD1100114F5A /* BaseModuleManager.swift */; };
		501D6F712130BD1200114F5A /* ModuleContext.swift in Sources */ = {isa = PBXBuildFile; fileRef = 501D6F6D2130BD1200114F5A /* ModuleContext.swift */; };
		501D6F722130BD1200114F5A /* Module.swift in Sources */ = {isa = PBXBuildFile; fileRef = 501D6F6E2130BD1200114F5A /* Module.swift */; };
		501D6F9B2130BD3800114F5A /* Deeplink.swift in Sources */ = {isa = PBXBuildFile; fileRef = 501D6F7E2130BD3600114F5A /* Deeplink.swift */; };
		501D6F9E2130BD3800114F5A /* DeeplinkManaging.swift in Sources */ = {isa = PBXBuildFile; fileRef = 501D6F822130BD3600114F5A /* DeeplinkManaging.swift */; };
		501D6FA12130BD3800114F5A /* ViewControllerBuilding.swift in Sources */ = {isa = PBXBuildFile; fileRef = 501D6F872130BD3700114F5A /* ViewControllerBuilding.swift */; };
		501D6FA22130BD3800114F5A /* PresentableRoutingStep.swift in Sources */ = {isa = PBXBuildFile; fileRef = 501D6F882130BD3700114F5A /* PresentableRoutingStep.swift */; };
		501D6FA42130BD3800114F5A /* RouterProtocol.swift in Sources */ = {isa = PBXBuildFile; fileRef = 501D6F8A2130BD3700114F5A /* RouterProtocol.swift */; };
		501D6FAD2130BD3800114F5A /* RxExtension.swift in Sources */ = {isa = PBXBuildFile; fileRef = 501D6F962130BD3700114F5A /* RxExtension.swift */; };
		501D6FAE2130BD3800114F5A /* EventsListener.swift in Sources */ = {isa = PBXBuildFile; fileRef = 501D6F982130BD3700114F5A /* EventsListener.swift */; };
		501D6FAF2130BD3800114F5A /* EventsProducer.swift in Sources */ = {isa = PBXBuildFile; fileRef = 501D6F992130BD3700114F5A /* EventsProducer.swift */; };
		501D6FB02130BD3800114F5A /* EventProtocol.swift in Sources */ = {isa = PBXBuildFile; fileRef = 501D6F9A2130BD3700114F5A /* EventProtocol.swift */; };
		502B9B7321452D6600BBFFC3 /* EventsTests.swift in Sources */ = {isa = PBXBuildFile; fileRef = 502B9B7221452D6600BBFFC3 /* EventsTests.swift */; };
		502BD37721D63A9400EFBE14 /* StringRxExtensionTests.swift in Sources */ = {isa = PBXBuildFile; fileRef = 502BD37621D63A9400EFBE14 /* StringRxExtensionTests.swift */; };
		502BD37921D63D7A00EFBE14 /* RoutingStepPresentationModeTests.swift in Sources */ = {isa = PBXBuildFile; fileRef = 502BD37821D63D7A00EFBE14 /* RoutingStepPresentationModeTests.swift */; };
		502C508921465C8D002B70A4 /* ViewControllerEventsTests.swift in Sources */ = {isa = PBXBuildFile; fileRef = 502C508821465C8D002B70A4 /* ViewControllerEventsTests.swift */; };
		502C508C21465CD3002B70A4 /* MockDeeplinkableModule.swift in Sources */ = {isa = PBXBuildFile; fileRef = 502C508B21465CD3002B70A4 /* MockDeeplinkableModule.swift */; };
		502C509021465D91002B70A4 /* MockModule.swift in Sources */ = {isa = PBXBuildFile; fileRef = 502C508F21465D91002B70A4 /* MockModule.swift */; };
		502E0E5F21CF9482004A4F56 /* RxExtension+Bool.swift in Sources */ = {isa = PBXBuildFile; fileRef = 502E0E5E21CF9482004A4F56 /* RxExtension+Bool.swift */; };
		502E0E6121CF9641004A4F56 /* RxCocoa+UICollectionViewFlowLayout.swift in Sources */ = {isa = PBXBuildFile; fileRef = 502E0E6021CF9641004A4F56 /* RxCocoa+UICollectionViewFlowLayout.swift */; };
		502E0E6321D2F40D004A4F56 /* RxExtensionTests.swift in Sources */ = {isa = PBXBuildFile; fileRef = 502E0E6221D2F40D004A4F56 /* RxExtensionTests.swift */; };
		502E0E6521D2FF29004A4F56 /* RxExtensionTestCase.swift in Sources */ = {isa = PBXBuildFile; fileRef = 502E0E6421D2FF29004A4F56 /* RxExtensionTestCase.swift */; };
		502E0E6721D2FF9F004A4F56 /* BoolRxExtensionTests.swift in Sources */ = {isa = PBXBuildFile; fileRef = 502E0E6621D2FF9F004A4F56 /* BoolRxExtensionTests.swift */; };
		502E0E6921D3A8C5004A4F56 /* RxExtension+String.swift in Sources */ = {isa = PBXBuildFile; fileRef = 502E0E6821D3A8C5004A4F56 /* RxExtension+String.swift */; };
		503E60B52377019F00EE01A2 /* OSLog.swift in Sources */ = {isa = PBXBuildFile; fileRef = 503E60B42377019F00EE01A2 /* OSLog.swift */; };
		504308DE22AEA789008AC2AB /* MockModuleListener.swift in Sources */ = {isa = PBXBuildFile; fileRef = 504308DD22AEA789008AC2AB /* MockModuleListener.swift */; };
		504A93EE22ACF1F700D6C63C /* ModuleEventsListener.swift in Sources */ = {isa = PBXBuildFile; fileRef = 504A93ED22ACF1F700D6C63C /* ModuleEventsListener.swift */; };
		505D0A7F22BD352D00547532 /* ViewControllerEvent.swift in Sources */ = {isa = PBXBuildFile; fileRef = 505D0A7E22BD352D00547532 /* ViewControllerEvent.swift */; };
		505D0A8122BD498C00547532 /* EventsListenerTests.swift in Sources */ = {isa = PBXBuildFile; fileRef = 505D0A8022BD498C00547532 /* EventsListenerTests.swift */; };
		505D0A8322BD4B0600547532 /* ModuleListenerTests.swift in Sources */ = {isa = PBXBuildFile; fileRef = 505D0A8222BD4B0600547532 /* ModuleListenerTests.swift */; };
		5074DF31213ECD010021294D /* DeeplinkMatcher.m in Sources */ = {isa = PBXBuildFile; fileRef = 501D6F802130BD3600114F5A /* DeeplinkMatcher.m */; };
		5074DF32213ECD010021294D /* DeeplinkMatcher.h in Headers */ = {isa = PBXBuildFile; fileRef = 501D6F812130BD3600114F5A /* DeeplinkMatcher.h */; settings = {ATTRIBUTES = (Public, ); }; };
		50B1186F213BF84F008928AF /* RxSwift+EventProtocol.swift in Sources */ = {isa = PBXBuildFile; fileRef = 50B1186E213BF84F008928AF /* RxSwift+EventProtocol.swift */; };
		50B11872213BF89E008928AF /* ModuleManagerTests.swift in Sources */ = {isa = PBXBuildFile; fileRef = 50B11870213BF89E008928AF /* ModuleManagerTests.swift */; };
		50B11873213BF89E008928AF /* DeeplinkableTests.swift in Sources */ = {isa = PBXBuildFile; fileRef = 50B11871213BF89E008928AF /* DeeplinkableTests.swift */; };
		760BF87DDA5B32C3225116FB /* Pods_MERLinTests.framework in Frameworks */ = {isa = PBXBuildFile; fileRef = 9F8DCDE153FE82002F124D51 /* Pods_MERLinTests.framework */; };
		771B01263E07493EA6B6CA4E /* Pods_MERLin.framework in Frameworks */ = {isa = PBXBuildFile; fileRef = 266F444C78F8FC09D110DF12 /* Pods_MERLin.framework */; };
/* End PBXBuildFile section */

/* Begin PBXContainerItemProxy section */
		501D6F102130BB4F00114F5A /* PBXContainerItemProxy */ = {
			isa = PBXContainerItemProxy;
			containerPortal = 501D6EFC2130BB4F00114F5A /* Project object */;
			proxyType = 1;
			remoteGlobalIDString = 501D6F042130BB4F00114F5A;
			remoteInfo = MERLin;
		};
/* End PBXContainerItemProxy section */

/* Begin PBXFileReference section */
		266F444C78F8FC09D110DF12 /* Pods_MERLin.framework */ = {isa = PBXFileReference; explicitFileType = wrapper.framework; includeInIndex = 0; path = Pods_MERLin.framework; sourceTree = BUILT_PRODUCTS_DIR; };
		33623749A7B5F70F970FEDAC /* Pods-MERLin.debug.xcconfig */ = {isa = PBXFileReference; includeInIndex = 1; lastKnownFileType = text.xcconfig; name = "Pods-MERLin.debug.xcconfig"; path = "Target Support Files/Pods-MERLin/Pods-MERLin.debug.xcconfig"; sourceTree = "<group>"; };
		500652E521D3C14C009466F9 /* RouterTests.swift */ = {isa = PBXFileReference; lastKnownFileType = sourcecode.swift; path = RouterTests.swift; sourceTree = "<group>"; };
		500652E721D3C1A0009466F9 /* MockRouter.swift */ = {isa = PBXFileReference; lastKnownFileType = sourcecode.swift; path = MockRouter.swift; sourceTree = "<group>"; };
		5006670621A983ED00CDA08C /* EventsProducerTests.swift */ = {isa = PBXFileReference; lastKnownFileType = sourcecode.swift; path = EventsProducerTests.swift; sourceTree = "<group>"; };
		5006670821AB3AD300CDA08C /* MockEventProducer.swift */ = {isa = PBXFileReference; lastKnownFileType = sourcecode.swift; path = MockEventProducer.swift; sourceTree = "<group>"; };
		5006670A21AB3B4000CDA08C /* MockEvent.swift */ = {isa = PBXFileReference; lastKnownFileType = sourcecode.swift; path = MockEvent.swift; sourceTree = "<group>"; };
		5006670C21AB3B9200CDA08C /* MockEventsListener.swift */ = {isa = PBXFileReference; lastKnownFileType = sourcecode.swift; path = MockEventsListener.swift; sourceTree = "<group>"; };
		500BC38221DEACBE00BA39F2 /* ModuleContextTests.swift */ = {isa = PBXFileReference; lastKnownFileType = sourcecode.swift; path = ModuleContextTests.swift; sourceTree = "<group>"; };
		500BC38421DEB83A00BA39F2 /* ModuleTests.swift */ = {isa = PBXFileReference; lastKnownFileType = sourcecode.swift; path = ModuleTests.swift; sourceTree = "<group>"; };
		501D6F052130BB4F00114F5A /* MERLin.framework */ = {isa = PBXFileReference; explicitFileType = wrapper.framework; includeInIndex = 0; path = MERLin.framework; sourceTree = BUILT_PRODUCTS_DIR; };
		501D6F082130BB4F00114F5A /* MERLin.h */ = {isa = PBXFileReference; lastKnownFileType = sourcecode.c.h; path = MERLin.h; sourceTree = "<group>"; };
		501D6F092130BB4F00114F5A /* Info.plist */ = {isa = PBXFileReference; lastKnownFileType = text.plist.xml; path = Info.plist; sourceTree = "<group>"; };
		501D6F0E2130BB4F00114F5A /* MERLinTests.xctest */ = {isa = PBXFileReference; explicitFileType = wrapper.cfbundle; includeInIndex = 0; path = MERLinTests.xctest; sourceTree = BUILT_PRODUCTS_DIR; };
		501D6F152130BB4F00114F5A /* Info.plist */ = {isa = PBXFileReference; lastKnownFileType = text.plist.xml; path = Info.plist; sourceTree = "<group>"; };
		501D6F6C2130BD1100114F5A /* BaseModuleManager.swift */ = {isa = PBXFileReference; fileEncoding = 4; lastKnownFileType = sourcecode.swift; path = BaseModuleManager.swift; sourceTree = "<group>"; };
		501D6F6D2130BD1200114F5A /* ModuleContext.swift */ = {isa = PBXFileReference; fileEncoding = 4; lastKnownFileType = sourcecode.swift; path = ModuleContext.swift; sourceTree = "<group>"; };
		501D6F6E2130BD1200114F5A /* Module.swift */ = {isa = PBXFileReference; fileEncoding = 4; lastKnownFileType = sourcecode.swift; path = Module.swift; sourceTree = "<group>"; };
		501D6F7E2130BD3600114F5A /* Deeplink.swift */ = {isa = PBXFileReference; fileEncoding = 4; lastKnownFileType = sourcecode.swift; path = Deeplink.swift; sourceTree = "<group>"; };
		501D6F802130BD3600114F5A /* DeeplinkMatcher.m */ = {isa = PBXFileReference; fileEncoding = 4; lastKnownFileType = sourcecode.c.objc; path = DeeplinkMatcher.m; sourceTree = "<group>"; };
		501D6F812130BD3600114F5A /* DeeplinkMatcher.h */ = {isa = PBXFileReference; fileEncoding = 4; lastKnownFileType = sourcecode.c.h; path = DeeplinkMatcher.h; sourceTree = "<group>"; };
		501D6F822130BD3600114F5A /* DeeplinkManaging.swift */ = {isa = PBXFileReference; fileEncoding = 4; lastKnownFileType = sourcecode.swift; path = DeeplinkManaging.swift; sourceTree = "<group>"; };
		501D6F872130BD3700114F5A /* ViewControllerBuilding.swift */ = {isa = PBXFileReference; fileEncoding = 4; lastKnownFileType = sourcecode.swift; path = ViewControllerBuilding.swift; sourceTree = "<group>"; };
		501D6F882130BD3700114F5A /* PresentableRoutingStep.swift */ = {isa = PBXFileReference; fileEncoding = 4; lastKnownFileType = sourcecode.swift; path = PresentableRoutingStep.swift; sourceTree = "<group>"; };
		501D6F8A2130BD3700114F5A /* RouterProtocol.swift */ = {isa = PBXFileReference; fileEncoding = 4; lastKnownFileType = sourcecode.swift; path = RouterProtocol.swift; sourceTree = "<group>"; };
		501D6F962130BD3700114F5A /* RxExtension.swift */ = {isa = PBXFileReference; fileEncoding = 4; lastKnownFileType = sourcecode.swift; path = RxExtension.swift; sourceTree = "<group>"; };
		501D6F982130BD3700114F5A /* EventsListener.swift */ = {isa = PBXFileReference; fileEncoding = 4; lastKnownFileType = sourcecode.swift; path = EventsListener.swift; sourceTree = "<group>"; };
		501D6F992130BD3700114F5A /* EventsProducer.swift */ = {isa = PBXFileReference; fileEncoding = 4; lastKnownFileType = sourcecode.swift; path = EventsProducer.swift; sourceTree = "<group>"; };
		501D6F9A2130BD3700114F5A /* EventProtocol.swift */ = {isa = PBXFileReference; fileEncoding = 4; lastKnownFileType = sourcecode.swift; path = EventProtocol.swift; sourceTree = "<group>"; };
		502B9B7221452D6600BBFFC3 /* EventsTests.swift */ = {isa = PBXFileReference; lastKnownFileType = sourcecode.swift; path = EventsTests.swift; sourceTree = "<group>"; };
		502BD37621D63A9400EFBE14 /* StringRxExtensionTests.swift */ = {isa = PBXFileReference; lastKnownFileType = sourcecode.swift; path = StringRxExtensionTests.swift; sourceTree = "<group>"; };
		502BD37821D63D7A00EFBE14 /* RoutingStepPresentationModeTests.swift */ = {isa = PBXFileReference; lastKnownFileType = sourcecode.swift; path = RoutingStepPresentationModeTests.swift; sourceTree = "<group>"; };
		502C508821465C8D002B70A4 /* ViewControllerEventsTests.swift */ = {isa = PBXFileReference; lastKnownFileType = sourcecode.swift; path = ViewControllerEventsTests.swift; sourceTree = "<group>"; };
		502C508B21465CD3002B70A4 /* MockDeeplinkableModule.swift */ = {isa = PBXFileReference; lastKnownFileType = sourcecode.swift; path = MockDeeplinkableModule.swift; sourceTree = "<group>"; };
		502C508F21465D91002B70A4 /* MockModule.swift */ = {isa = PBXFileReference; lastKnownFileType = sourcecode.swift; path = MockModule.swift; sourceTree = "<group>"; };
		502E0E5E21CF9482004A4F56 /* RxExtension+Bool.swift */ = {isa = PBXFileReference; lastKnownFileType = sourcecode.swift; path = "RxExtension+Bool.swift"; sourceTree = "<group>"; };
		502E0E6021CF9641004A4F56 /* RxCocoa+UICollectionViewFlowLayout.swift */ = {isa = PBXFileReference; lastKnownFileType = sourcecode.swift; path = "RxCocoa+UICollectionViewFlowLayout.swift"; sourceTree = "<group>"; };
		502E0E6221D2F40D004A4F56 /* RxExtensionTests.swift */ = {isa = PBXFileReference; lastKnownFileType = sourcecode.swift; path = RxExtensionTests.swift; sourceTree = "<group>"; };
		502E0E6421D2FF29004A4F56 /* RxExtensionTestCase.swift */ = {isa = PBXFileReference; lastKnownFileType = sourcecode.swift; path = RxExtensionTestCase.swift; sourceTree = "<group>"; };
		502E0E6621D2FF9F004A4F56 /* BoolRxExtensionTests.swift */ = {isa = PBXFileReference; lastKnownFileType = sourcecode.swift; path = BoolRxExtensionTests.swift; sourceTree = "<group>"; };
		502E0E6821D3A8C5004A4F56 /* RxExtension+String.swift */ = {isa = PBXFileReference; lastKnownFileType = sourcecode.swift; path = "RxExtension+String.swift"; sourceTree = "<group>"; };
		503E60B42377019F00EE01A2 /* OSLog.swift */ = {isa = PBXFileReference; lastKnownFileType = sourcecode.swift; path = OSLog.swift; sourceTree = "<group>"; };
		504308DD22AEA789008AC2AB /* MockModuleListener.swift */ = {isa = PBXFileReference; lastKnownFileType = sourcecode.swift; path = MockModuleListener.swift; sourceTree = "<group>"; };
		504A93ED22ACF1F700D6C63C /* ModuleEventsListener.swift */ = {isa = PBXFileReference; lastKnownFileType = sourcecode.swift; path = ModuleEventsListener.swift; sourceTree = "<group>"; };
		505D0A7E22BD352D00547532 /* ViewControllerEvent.swift */ = {isa = PBXFileReference; fileEncoding = 4; lastKnownFileType = sourcecode.swift; path = ViewControllerEvent.swift; sourceTree = "<group>"; };
		505D0A8022BD498C00547532 /* EventsListenerTests.swift */ = {isa = PBXFileReference; lastKnownFileType = sourcecode.swift; path = EventsListenerTests.swift; sourceTree = "<group>"; };
		505D0A8222BD4B0600547532 /* ModuleListenerTests.swift */ = {isa = PBXFileReference; lastKnownFileType = sourcecode.swift; path = ModuleListenerTests.swift; sourceTree = "<group>"; };
		50B1186E213BF84F008928AF /* RxSwift+EventProtocol.swift */ = {isa = PBXFileReference; fileEncoding = 4; lastKnownFileType = sourcecode.swift; path = "RxSwift+EventProtocol.swift"; sourceTree = "<group>"; };
		50B11870213BF89E008928AF /* ModuleManagerTests.swift */ = {isa = PBXFileReference; fileEncoding = 4; lastKnownFileType = sourcecode.swift; path = ModuleManagerTests.swift; sourceTree = "<group>"; };
		50B11871213BF89E008928AF /* DeeplinkableTests.swift */ = {isa = PBXFileReference; fileEncoding = 4; lastKnownFileType = sourcecode.swift; path = DeeplinkableTests.swift; sourceTree = "<group>"; };
		50FDFF8B214E737C00BC5CFD /* MERLin.podspec */ = {isa = PBXFileReference; lastKnownFileType = text; name = MERLin.podspec; path = ../../MERLin.podspec; sourceTree = "<group>"; };
		670C8A8E553B14804805002B /* Pods-MERLin.test.xcconfig */ = {isa = PBXFileReference; includeInIndex = 1; lastKnownFileType = text.xcconfig; name = "Pods-MERLin.test.xcconfig"; path = "Target Support Files/Pods-MERLin/Pods-MERLin.test.xcconfig"; sourceTree = "<group>"; };
		7D6ACB303A58E19D09D02C30 /* Pods-MERLinTests.debug.xcconfig */ = {isa = PBXFileReference; includeInIndex = 1; lastKnownFileType = text.xcconfig; name = "Pods-MERLinTests.debug.xcconfig"; path = "Target Support Files/Pods-MERLinTests/Pods-MERLinTests.debug.xcconfig"; sourceTree = "<group>"; };
		991493BFED89BD6235B81FD6 /* Pods-MERLinTests.release.xcconfig */ = {isa = PBXFileReference; includeInIndex = 1; lastKnownFileType = text.xcconfig; name = "Pods-MERLinTests.release.xcconfig"; path = "Target Support Files/Pods-MERLinTests/Pods-MERLinTests.release.xcconfig"; sourceTree = "<group>"; };
		9F8DCDE153FE82002F124D51 /* Pods_MERLinTests.framework */ = {isa = PBXFileReference; explicitFileType = wrapper.framework; includeInIndex = 0; path = Pods_MERLinTests.framework; sourceTree = BUILT_PRODUCTS_DIR; };
		A819543A237C1730EC038842 /* Pods-MERLinTests.test.xcconfig */ = {isa = PBXFileReference; includeInIndex = 1; lastKnownFileType = text.xcconfig; name = "Pods-MERLinTests.test.xcconfig"; path = "Target Support Files/Pods-MERLinTests/Pods-MERLinTests.test.xcconfig"; sourceTree = "<group>"; };
		B97B39313CA69E7A56F2AB61 /* Pods-MERLin.release.xcconfig */ = {isa = PBXFileReference; includeInIndex = 1; lastKnownFileType = text.xcconfig; name = "Pods-MERLin.release.xcconfig"; path = "Target Support Files/Pods-MERLin/Pods-MERLin.release.xcconfig"; sourceTree = "<group>"; };
/* End PBXFileReference section */

/* Begin PBXFrameworksBuildPhase section */
		501D6F012130BB4F00114F5A /* Frameworks */ = {
			isa = PBXFrameworksBuildPhase;
			buildActionMask = 2147483647;
			files = (
				771B01263E07493EA6B6CA4E /* Pods_MERLin.framework in Frameworks */,
			);
			runOnlyForDeploymentPostprocessing = 0;
		};
		501D6F0B2130BB4F00114F5A /* Frameworks */ = {
			isa = PBXFrameworksBuildPhase;
			buildActionMask = 2147483647;
			files = (
				501D6F0F2130BB4F00114F5A /* MERLin.framework in Frameworks */,
				760BF87DDA5B32C3225116FB /* Pods_MERLinTests.framework in Frameworks */,
			);
			runOnlyForDeploymentPostprocessing = 0;
		};
/* End PBXFrameworksBuildPhase section */

/* Begin PBXGroup section */
		501D6EFB2130BB4F00114F5A = {
			isa = PBXGroup;
			children = (
				501D6F072130BB4F00114F5A /* MERLin */,
				501D6F122130BB4F00114F5A /* MERLinTests */,
				501D6F062130BB4F00114F5A /* Products */,
				BA66787E107E2D70E1410650 /* Pods */,
				F76E700A6022C26CFBE9EFC1 /* Frameworks */,
			);
			sourceTree = "<group>";
		};
		501D6F062130BB4F00114F5A /* Products */ = {
			isa = PBXGroup;
			children = (
				501D6F052130BB4F00114F5A /* MERLin.framework */,
				501D6F0E2130BB4F00114F5A /* MERLinTests.xctest */,
			);
			name = Products;
			sourceTree = "<group>";
		};
		501D6F072130BB4F00114F5A /* MERLin */ = {
			isa = PBXGroup;
			children = (
				50FDFF8B214E737C00BC5CFD /* MERLin.podspec */,
				501D6F082130BB4F00114F5A /* MERLin.h */,
				503E60B42377019F00EE01A2 /* OSLog.swift */,
				501D6F6E2130BD1200114F5A /* Module.swift */,
				501D6F6D2130BD1200114F5A /* ModuleContext.swift */,
				501D6F6C2130BD1100114F5A /* BaseModuleManager.swift */,
				501D6F7D2130BD3600114F5A /* Deeplinking */,
				501D6F972130BD3700114F5A /* Events */,
				501D6F952130BD3700114F5A /* Extensions */,
				501D6F862130BD3700114F5A /* Routing */,
				501D6F092130BB4F00114F5A /* Info.plist */,
			);
			path = MERLin;
			sourceTree = "<group>";
		};
		501D6F122130BB4F00114F5A /* MERLinTests */ = {
			isa = PBXGroup;
			children = (
				502E0E6421D2FF29004A4F56 /* RxExtensionTestCase.swift */,
				502C508A21465CB2002B70A4 /* Mocks */,
				502BD37A21D640E200EFBE14 /* Tests */,
				501D6F152130BB4F00114F5A /* Info.plist */,
			);
			path = MERLinTests;
			sourceTree = "<group>";
		};
		501D6F7D2130BD3600114F5A /* Deeplinking */ = {
			isa = PBXGroup;
			children = (
				501D6F812130BD3600114F5A /* DeeplinkMatcher.h */,
				501D6F802130BD3600114F5A /* DeeplinkMatcher.m */,
				501D6F7E2130BD3600114F5A /* Deeplink.swift */,
				501D6F822130BD3600114F5A /* DeeplinkManaging.swift */,
			);
			path = Deeplinking;
			sourceTree = "<group>";
		};
		501D6F862130BD3700114F5A /* Routing */ = {
			isa = PBXGroup;
			children = (
				501D6F872130BD3700114F5A /* ViewControllerBuilding.swift */,
				501D6F882130BD3700114F5A /* PresentableRoutingStep.swift */,
				501D6F8A2130BD3700114F5A /* RouterProtocol.swift */,
			);
			path = Routing;
			sourceTree = "<group>";
		};
		501D6F952130BD3700114F5A /* Extensions */ = {
			isa = PBXGroup;
			children = (
				501D6F962130BD3700114F5A /* RxExtension.swift */,
				502E0E5E21CF9482004A4F56 /* RxExtension+Bool.swift */,
				502E0E6821D3A8C5004A4F56 /* RxExtension+String.swift */,
				502E0E6021CF9641004A4F56 /* RxCocoa+UICollectionViewFlowLayout.swift */,
				50B1186E213BF84F008928AF /* RxSwift+EventProtocol.swift */,
			);
			path = Extensions;
			sourceTree = "<group>";
		};
		501D6F972130BD3700114F5A /* Events */ = {
			isa = PBXGroup;
			children = (
				501D6F982130BD3700114F5A /* EventsListener.swift */,
				504A93ED22ACF1F700D6C63C /* ModuleEventsListener.swift */,
				501D6F992130BD3700114F5A /* EventsProducer.swift */,
				505D0A7E22BD352D00547532 /* ViewControllerEvent.swift */,
				501D6F9A2130BD3700114F5A /* EventProtocol.swift */,
			);
			path = Events;
			sourceTree = "<group>";
		};
		502BD37A21D640E200EFBE14 /* Tests */ = {
			isa = PBXGroup;
			children = (
				502BD37B21D640F200EFBE14 /* Modules */,
				502BD37C21D6410300EFBE14 /* Events */,
				502BD37D21D6411100EFBE14 /* RxExtensions */,
				502BD37E21D6412400EFBE14 /* Router */,
			);
			path = Tests;
			sourceTree = "<group>";
		};
		502BD37B21D640F200EFBE14 /* Modules */ = {
			isa = PBXGroup;
			children = (
				50B11871213BF89E008928AF /* DeeplinkableTests.swift */,
				50B11870213BF89E008928AF /* ModuleManagerTests.swift */,
				500BC38221DEACBE00BA39F2 /* ModuleContextTests.swift */,
				500BC38421DEB83A00BA39F2 /* ModuleTests.swift */,
			);
			path = Modules;
			sourceTree = "<group>";
		};
		502BD37C21D6410300EFBE14 /* Events */ = {
			isa = PBXGroup;
			children = (
				502B9B7221452D6600BBFFC3 /* EventsTests.swift */,
				5006670621A983ED00CDA08C /* EventsProducerTests.swift */,
				505D0A8022BD498C00547532 /* EventsListenerTests.swift */,
				505D0A8222BD4B0600547532 /* ModuleListenerTests.swift */,
				502C508821465C8D002B70A4 /* ViewControllerEventsTests.swift */,
			);
			path = Events;
			sourceTree = "<group>";
		};
		502BD37D21D6411100EFBE14 /* RxExtensions */ = {
			isa = PBXGroup;
			children = (
				502E0E6221D2F40D004A4F56 /* RxExtensionTests.swift */,
				502E0E6621D2FF9F004A4F56 /* BoolRxExtensionTests.swift */,
				502BD37621D63A9400EFBE14 /* StringRxExtensionTests.swift */,
			);
			path = RxExtensions;
			sourceTree = "<group>";
		};
		502BD37E21D6412400EFBE14 /* Router */ = {
			isa = PBXGroup;
			children = (
				500652E521D3C14C009466F9 /* RouterTests.swift */,
				502BD37821D63D7A00EFBE14 /* RoutingStepPresentationModeTests.swift */,
			);
			path = Router;
			sourceTree = "<group>";
		};
		502C508A21465CB2002B70A4 /* Mocks */ = {
			isa = PBXGroup;
			children = (
				502C508B21465CD3002B70A4 /* MockDeeplinkableModule.swift */,
				502C508F21465D91002B70A4 /* MockModule.swift */,
				5006670821AB3AD300CDA08C /* MockEventProducer.swift */,
				5006670C21AB3B9200CDA08C /* MockEventsListener.swift */,
				504308DD22AEA789008AC2AB /* MockModuleListener.swift */,
				5006670A21AB3B4000CDA08C /* MockEvent.swift */,
				500652E721D3C1A0009466F9 /* MockRouter.swift */,
			);
			path = Mocks;
			sourceTree = "<group>";
		};
		BA66787E107E2D70E1410650 /* Pods */ = {
			isa = PBXGroup;
			children = (
				33623749A7B5F70F970FEDAC /* Pods-MERLin.debug.xcconfig */,
				670C8A8E553B14804805002B /* Pods-MERLin.test.xcconfig */,
				B97B39313CA69E7A56F2AB61 /* Pods-MERLin.release.xcconfig */,
				7D6ACB303A58E19D09D02C30 /* Pods-MERLinTests.debug.xcconfig */,
				A819543A237C1730EC038842 /* Pods-MERLinTests.test.xcconfig */,
				991493BFED89BD6235B81FD6 /* Pods-MERLinTests.release.xcconfig */,
			);
			path = Pods;
			sourceTree = "<group>";
		};
		F76E700A6022C26CFBE9EFC1 /* Frameworks */ = {
			isa = PBXGroup;
			children = (
				266F444C78F8FC09D110DF12 /* Pods_MERLin.framework */,
				9F8DCDE153FE82002F124D51 /* Pods_MERLinTests.framework */,
			);
			name = Frameworks;
			sourceTree = "<group>";
		};
/* End PBXGroup section */

/* Begin PBXHeadersBuildPhase section */
		501D6F022130BB4F00114F5A /* Headers */ = {
			isa = PBXHeadersBuildPhase;
			buildActionMask = 2147483647;
			files = (
				5074DF32213ECD010021294D /* DeeplinkMatcher.h in Headers */,
				501D6F162130BB4F00114F5A /* MERLin.h in Headers */,
			);
			runOnlyForDeploymentPostprocessing = 0;
		};
/* End PBXHeadersBuildPhase section */

/* Begin PBXNativeTarget section */
		501D6F042130BB4F00114F5A /* MERLin */ = {
			isa = PBXNativeTarget;
			buildConfigurationList = 501D6F192130BB4F00114F5A /* Build configuration list for PBXNativeTarget "MERLin" */;
			buildPhases = (
				7DE12B4F491F7FE99A1400C9 /* [CP] Check Pods Manifest.lock */,
				501D6F002130BB4F00114F5A /* Sources */,
				501D6F012130BB4F00114F5A /* Frameworks */,
				501D6F022130BB4F00114F5A /* Headers */,
				501D6F032130BB4F00114F5A /* Resources */,
			);
			buildRules = (
			);
			dependencies = (
			);
			name = MERLin;
			productName = MERLin;
			productReference = 501D6F052130BB4F00114F5A /* MERLin.framework */;
			productType = "com.apple.product-type.framework";
		};
		501D6F0D2130BB4F00114F5A /* MERLinTests */ = {
			isa = PBXNativeTarget;
			buildConfigurationList = 501D6F1C2130BB4F00114F5A /* Build configuration list for PBXNativeTarget "MERLinTests" */;
			buildPhases = (
				72DEC49C606334A95DD13246 /* [CP] Check Pods Manifest.lock */,
				501D6F0A2130BB4F00114F5A /* Sources */,
				501D6F0B2130BB4F00114F5A /* Frameworks */,
				501D6F0C2130BB4F00114F5A /* Resources */,
				F1FE9BB8C5D9119873892248 /* [CP] Embed Pods Frameworks */,
			);
			buildRules = (
			);
			dependencies = (
				501D6F112130BB4F00114F5A /* PBXTargetDependency */,
			);
			name = MERLinTests;
			productName = MERLinTests;
			productReference = 501D6F0E2130BB4F00114F5A /* MERLinTests.xctest */;
			productType = "com.apple.product-type.bundle.unit-test";
		};
/* End PBXNativeTarget section */

/* Begin PBXProject section */
		501D6EFC2130BB4F00114F5A /* Project object */ = {
			isa = PBXProject;
			attributes = {
				LastSwiftUpdateCheck = 0940;
				LastUpgradeCheck = 0940;
				ORGANIZATIONNAME = "Giuseppe Lanza";
				TargetAttributes = {
					501D6F042130BB4F00114F5A = {
						CreatedOnToolsVersion = 9.4.1;
						LastSwiftMigration = 1020;
					};
					501D6F0D2130BB4F00114F5A = {
						CreatedOnToolsVersion = 9.4.1;
						LastSwiftMigration = 1020;
					};
				};
			};
			buildConfigurationList = 501D6EFF2130BB4F00114F5A /* Build configuration list for PBXProject "MERLin" */;
			compatibilityVersion = "Xcode 9.3";
			developmentRegion = en;
			hasScannedForEncodings = 0;
			knownRegions = (
				en,
				Base,
			);
			mainGroup = 501D6EFB2130BB4F00114F5A;
			productRefGroup = 501D6F062130BB4F00114F5A /* Products */;
			projectDirPath = "";
			projectRoot = "";
			targets = (
				501D6F042130BB4F00114F5A /* MERLin */,
				501D6F0D2130BB4F00114F5A /* MERLinTests */,
			);
		};
/* End PBXProject section */

/* Begin PBXResourcesBuildPhase section */
		501D6F032130BB4F00114F5A /* Resources */ = {
			isa = PBXResourcesBuildPhase;
			buildActionMask = 2147483647;
			files = (
			);
			runOnlyForDeploymentPostprocessing = 0;
		};
		501D6F0C2130BB4F00114F5A /* Resources */ = {
			isa = PBXResourcesBuildPhase;
			buildActionMask = 2147483647;
			files = (
			);
			runOnlyForDeploymentPostprocessing = 0;
		};
/* End PBXResourcesBuildPhase section */

/* Begin PBXShellScriptBuildPhase section */
		72DEC49C606334A95DD13246 /* [CP] Check Pods Manifest.lock */ = {
			isa = PBXShellScriptBuildPhase;
			buildActionMask = 2147483647;
			files = (
			);
			inputFileListPaths = (
			);
			inputPaths = (
				"${PODS_PODFILE_DIR_PATH}/Podfile.lock",
				"${PODS_ROOT}/Manifest.lock",
			);
			name = "[CP] Check Pods Manifest.lock";
			outputFileListPaths = (
			);
			outputPaths = (
				"$(DERIVED_FILE_DIR)/Pods-MERLinTests-checkManifestLockResult.txt",
			);
			runOnlyForDeploymentPostprocessing = 0;
			shellPath = /bin/sh;
			shellScript = "diff \"${PODS_PODFILE_DIR_PATH}/Podfile.lock\" \"${PODS_ROOT}/Manifest.lock\" > /dev/null\nif [ $? != 0 ] ; then\n    # print error to STDERR\n    echo \"error: The sandbox is not in sync with the Podfile.lock. Run 'pod install' or update your CocoaPods installation.\" >&2\n    exit 1\nfi\n# This output is used by Xcode 'outputs' to avoid re-running this script phase.\necho \"SUCCESS\" > \"${SCRIPT_OUTPUT_FILE_0}\"\n";
			showEnvVarsInLog = 0;
		};
		7DE12B4F491F7FE99A1400C9 /* [CP] Check Pods Manifest.lock */ = {
			isa = PBXShellScriptBuildPhase;
			buildActionMask = 2147483647;
			files = (
			);
			inputFileListPaths = (
			);
			inputPaths = (
				"${PODS_PODFILE_DIR_PATH}/Podfile.lock",
				"${PODS_ROOT}/Manifest.lock",
			);
			name = "[CP] Check Pods Manifest.lock";
			outputFileListPaths = (
			);
			outputPaths = (
				"$(DERIVED_FILE_DIR)/Pods-MERLin-checkManifestLockResult.txt",
			);
			runOnlyForDeploymentPostprocessing = 0;
			shellPath = /bin/sh;
			shellScript = "diff \"${PODS_PODFILE_DIR_PATH}/Podfile.lock\" \"${PODS_ROOT}/Manifest.lock\" > /dev/null\nif [ $? != 0 ] ; then\n    # print error to STDERR\n    echo \"error: The sandbox is not in sync with the Podfile.lock. Run 'pod install' or update your CocoaPods installation.\" >&2\n    exit 1\nfi\n# This output is used by Xcode 'outputs' to avoid re-running this script phase.\necho \"SUCCESS\" > \"${SCRIPT_OUTPUT_FILE_0}\"\n";
			showEnvVarsInLog = 0;
		};
		F1FE9BB8C5D9119873892248 /* [CP] Embed Pods Frameworks */ = {
			isa = PBXShellScriptBuildPhase;
			buildActionMask = 2147483647;
			files = (
			);
			inputFileListPaths = (
				"${PODS_ROOT}/Target Support Files/Pods-MERLinTests/Pods-MERLinTests-frameworks-${CONFIGURATION}-input-files.xcfilelist",
			);
			name = "[CP] Embed Pods Frameworks";
			outputFileListPaths = (
				"${PODS_ROOT}/Target Support Files/Pods-MERLinTests/Pods-MERLinTests-frameworks-${CONFIGURATION}-output-files.xcfilelist",
			);
			runOnlyForDeploymentPostprocessing = 0;
			shellPath = /bin/sh;
			shellScript = "\"${PODS_ROOT}/Target Support Files/Pods-MERLinTests/Pods-MERLinTests-frameworks.sh\"\n";
			showEnvVarsInLog = 0;
		};
/* End PBXShellScriptBuildPhase section */

/* Begin PBXSourcesBuildPhase section */
		501D6F002130BB4F00114F5A /* Sources */ = {
			isa = PBXSourcesBuildPhase;
			buildActionMask = 2147483647;
			files = (
				501D6F702130BD1200114F5A /* BaseModuleManager.swift in Sources */,
				501D6FA22130BD3800114F5A /* PresentableRoutingStep.swift in Sources */,
				505D0A7F22BD352D00547532 /* ViewControllerEvent.swift in Sources */,
				501D6FA12130BD3800114F5A /* ViewControllerBuilding.swift in Sources */,
				501D6FAF2130BD3800114F5A /* EventsProducer.swift in Sources */,
				5074DF31213ECD010021294D /* DeeplinkMatcher.m in Sources */,
				502E0E5F21CF9482004A4F56 /* RxExtension+Bool.swift in Sources */,
				501D6FA42130BD3800114F5A /* RouterProtocol.swift in Sources */,
				502E0E6921D3A8C5004A4F56 /* RxExtension+String.swift in Sources */,
				501D6F9E2130BD3800114F5A /* DeeplinkManaging.swift in Sources */,
				504A93EE22ACF1F700D6C63C /* ModuleEventsListener.swift in Sources */,
				501D6F722130BD1200114F5A /* Module.swift in Sources */,
				501D6FAE2130BD3800114F5A /* EventsListener.swift in Sources */,
				501D6FAD2130BD3800114F5A /* RxExtension.swift in Sources */,
				503E60B52377019F00EE01A2 /* OSLog.swift in Sources */,
				502E0E6121CF9641004A4F56 /* RxCocoa+UICollectionViewFlowLayout.swift in Sources */,
				50B1186F213BF84F008928AF /* RxSwift+EventProtocol.swift in Sources */,
				501D6F712130BD1200114F5A /* ModuleContext.swift in Sources */,
				501D6F9B2130BD3800114F5A /* Deeplink.swift in Sources */,
				501D6FB02130BD3800114F5A /* EventProtocol.swift in Sources */,
			);
			runOnlyForDeploymentPostprocessing = 0;
		};
		501D6F0A2130BB4F00114F5A /* Sources */ = {
			isa = PBXSourcesBuildPhase;
			buildActionMask = 2147483647;
			files = (
				5006670D21AB3B9200CDA08C /* MockEventsListener.swift in Sources */,
				502C508C21465CD3002B70A4 /* MockDeeplinkableModule.swift in Sources */,
				5006670721A983ED00CDA08C /* EventsProducerTests.swift in Sources */,
				502E0E6721D2FF9F004A4F56 /* BoolRxExtensionTests.swift in Sources */,
				50B11872213BF89E008928AF /* ModuleManagerTests.swift in Sources */,
				502C508921465C8D002B70A4 /* ViewControllerEventsTests.swift in Sources */,
				500652E821D3C1A0009466F9 /* MockRouter.swift in Sources */,
				502B9B7321452D6600BBFFC3 /* EventsTests.swift in Sources */,
				502E0E6321D2F40D004A4F56 /* RxExtensionTests.swift in Sources */,
				502C509021465D91002B70A4 /* MockModule.swift in Sources */,
				500652E621D3C14C009466F9 /* RouterTests.swift in Sources */,
				500BC38321DEACBE00BA39F2 /* ModuleContextTests.swift in Sources */,
				505D0A8322BD4B0600547532 /* ModuleListenerTests.swift in Sources */,
				500BC38521DEB83A00BA39F2 /* ModuleTests.swift in Sources */,
				505D0A8122BD498C00547532 /* EventsListenerTests.swift in Sources */,
				502E0E6521D2FF29004A4F56 /* RxExtensionTestCase.swift in Sources */,
				5006670921AB3AD300CDA08C /* MockEventProducer.swift in Sources */,
				504308DE22AEA789008AC2AB /* MockModuleListener.swift in Sources */,
				5006670B21AB3B4000CDA08C /* MockEvent.swift in Sources */,
				502BD37921D63D7A00EFBE14 /* RoutingStepPresentationModeTests.swift in Sources */,
				50B11873213BF89E008928AF /* DeeplinkableTests.swift in Sources */,
				502BD37721D63A9400EFBE14 /* StringRxExtensionTests.swift in Sources */,
			);
			runOnlyForDeploymentPostprocessing = 0;
		};
/* End PBXSourcesBuildPhase section */

/* Begin PBXTargetDependency section */
		501D6F112130BB4F00114F5A /* PBXTargetDependency */ = {
			isa = PBXTargetDependency;
			target = 501D6F042130BB4F00114F5A /* MERLin */;
			targetProxy = 501D6F102130BB4F00114F5A /* PBXContainerItemProxy */;
		};
/* End PBXTargetDependency section */

/* Begin XCBuildConfiguration section */
		50098A212219DC0E00CCC65A /* Test */ = {
			isa = XCBuildConfiguration;
			buildSettings = {
				ALWAYS_SEARCH_USER_PATHS = NO;
				CLANG_ANALYZER_NONNULL = YES;
				CLANG_ANALYZER_NUMBER_OBJECT_CONVERSION = YES_AGGRESSIVE;
				CLANG_CXX_LANGUAGE_STANDARD = "gnu++14";
				CLANG_CXX_LIBRARY = "libc++";
				CLANG_ENABLE_MODULES = YES;
				CLANG_ENABLE_OBJC_ARC = YES;
				CLANG_ENABLE_OBJC_WEAK = YES;
				CLANG_WARN_BLOCK_CAPTURE_AUTORELEASING = YES;
				CLANG_WARN_BOOL_CONVERSION = YES;
				CLANG_WARN_COMMA = YES;
				CLANG_WARN_CONSTANT_CONVERSION = YES;
				CLANG_WARN_DEPRECATED_OBJC_IMPLEMENTATIONS = YES;
				CLANG_WARN_DIRECT_OBJC_ISA_USAGE = YES_ERROR;
				CLANG_WARN_DOCUMENTATION_COMMENTS = YES;
				CLANG_WARN_EMPTY_BODY = YES;
				CLANG_WARN_ENUM_CONVERSION = YES;
				CLANG_WARN_INFINITE_RECURSION = YES;
				CLANG_WARN_INT_CONVERSION = YES;
				CLANG_WARN_NON_LITERAL_NULL_CONVERSION = YES;
				CLANG_WARN_OBJC_IMPLICIT_RETAIN_SELF = YES;
				CLANG_WARN_OBJC_LITERAL_CONVERSION = YES;
				CLANG_WARN_OBJC_ROOT_CLASS = YES_ERROR;
				CLANG_WARN_RANGE_LOOP_ANALYSIS = YES;
				CLANG_WARN_STRICT_PROTOTYPES = YES;
				CLANG_WARN_SUSPICIOUS_MOVE = YES;
				CLANG_WARN_UNGUARDED_AVAILABILITY = YES_AGGRESSIVE;
				CLANG_WARN_UNREACHABLE_CODE = YES;
				CLANG_WARN__DUPLICATE_METHOD_MATCH = YES;
				CODE_SIGN_IDENTITY = "iPhone Developer";
				COPY_PHASE_STRIP = NO;
				CURRENT_PROJECT_VERSION = 1;
				DEBUG_INFORMATION_FORMAT = dwarf;
				ENABLE_STRICT_OBJC_MSGSEND = YES;
				ENABLE_TESTABILITY = YES;
				GCC_C_LANGUAGE_STANDARD = gnu11;
				GCC_DYNAMIC_NO_PIC = NO;
				GCC_NO_COMMON_BLOCKS = YES;
				GCC_OPTIMIZATION_LEVEL = 0;
				GCC_PREPROCESSOR_DEFINITIONS = (
					"DEBUG=1",
					"$(inherited)",
				);
				GCC_WARN_64_TO_32_BIT_CONVERSION = YES;
				GCC_WARN_ABOUT_RETURN_TYPE = YES_ERROR;
				GCC_WARN_UNDECLARED_SELECTOR = YES;
				GCC_WARN_UNINITIALIZED_AUTOS = YES_AGGRESSIVE;
				GCC_WARN_UNUSED_FUNCTION = YES;
				GCC_WARN_UNUSED_VARIABLE = YES;
				IPHONEOS_DEPLOYMENT_TARGET = 11.4;
				MTL_ENABLE_DEBUG_INFO = YES;
				ONLY_ACTIVE_ARCH = YES;
				SDKROOT = iphoneos;
				SWIFT_ACTIVE_COMPILATION_CONDITIONS = DEBUG;
				SWIFT_OPTIMIZATION_LEVEL = "-Onone";
				VERSIONING_SYSTEM = "apple-generic";
				VERSION_INFO_PREFIX = "";
			};
			name = Test;
		};
		50098A222219DC0E00CCC65A /* Test */ = {
			isa = XCBuildConfiguration;
			baseConfigurationReference = 670C8A8E553B14804805002B /* Pods-MERLin.test.xcconfig */;
			buildSettings = {
				CLANG_ENABLE_MODULES = YES;
				CODE_SIGN_IDENTITY = "";
				CODE_SIGN_STYLE = Automatic;
				DEFINES_MODULE = YES;
				DEVELOPMENT_TEAM = "";
				DYLIB_COMPATIBILITY_VERSION = 1;
				DYLIB_CURRENT_VERSION = 1;
				DYLIB_INSTALL_NAME_BASE = "@rpath";
				INFOPLIST_FILE = MERLin/Info.plist;
				INSTALL_PATH = "$(LOCAL_LIBRARY_DIR)/Frameworks";
				IPHONEOS_DEPLOYMENT_TARGET = 10.0;
				LD_RUNPATH_SEARCH_PATHS = (
					"$(inherited)",
					"@executable_path/Frameworks",
					"@loader_path/Frameworks",
				);
				MARKETING_VERSION = 3.0.1;
				PRODUCT_BUNDLE_IDENTIFIER = com.merlintech.MERLin;
				PRODUCT_NAME = "$(TARGET_NAME:c99extidentifier)";
				SKIP_INSTALL = YES;
				SUPPORTS_MACCATALYST = NO;
				SWIFT_ACTIVE_COMPILATION_CONDITIONS = "DEBUG TEST";
				SWIFT_OBJC_INTERFACE_HEADER_NAME = "$(PROJECT_NAME)-Swift.h";
				SWIFT_OPTIMIZATION_LEVEL = "-Onone";
				SWIFT_VERSION = 5.0;
				TARGETED_DEVICE_FAMILY = "1,2";
			};
			name = Test;
		};
		50098A232219DC0E00CCC65A /* Test */ = {
			isa = XCBuildConfiguration;
			baseConfigurationReference = A819543A237C1730EC038842 /* Pods-MERLinTests.test.xcconfig */;
			buildSettings = {
				CODE_SIGN_STYLE = Automatic;
				DEVELOPMENT_TEAM = ZJ8CN8P2Z5;
				INFOPLIST_FILE = MERLinTests/Info.plist;
				LD_RUNPATH_SEARCH_PATHS = (
					"$(inherited)",
					"@executable_path/Frameworks",
					"@loader_path/Frameworks",
				);
				PRODUCT_BUNDLE_IDENTIFIER = com.lanuovaera.MERLinTests;
				PRODUCT_NAME = "$(TARGET_NAME)";
				SWIFT_ACTIVE_COMPILATION_CONDITIONS = DEBUG;
				SWIFT_VERSION = 5.0;
				TARGETED_DEVICE_FAMILY = "1,2";
			};
			name = Test;
		};
		501D6F172130BB4F00114F5A /* Debug */ = {
			isa = XCBuildConfiguration;
			buildSettings = {
				ALWAYS_SEARCH_USER_PATHS = NO;
				CLANG_ANALYZER_NONNULL = YES;
				CLANG_ANALYZER_NUMBER_OBJECT_CONVERSION = YES_AGGRESSIVE;
				CLANG_CXX_LANGUAGE_STANDARD = "gnu++14";
				CLANG_CXX_LIBRARY = "libc++";
				CLANG_ENABLE_MODULES = YES;
				CLANG_ENABLE_OBJC_ARC = YES;
				CLANG_ENABLE_OBJC_WEAK = YES;
				CLANG_WARN_BLOCK_CAPTURE_AUTORELEASING = YES;
				CLANG_WARN_BOOL_CONVERSION = YES;
				CLANG_WARN_COMMA = YES;
				CLANG_WARN_CONSTANT_CONVERSION = YES;
				CLANG_WARN_DEPRECATED_OBJC_IMPLEMENTATIONS = YES;
				CLANG_WARN_DIRECT_OBJC_ISA_USAGE = YES_ERROR;
				CLANG_WARN_DOCUMENTATION_COMMENTS = YES;
				CLANG_WARN_EMPTY_BODY = YES;
				CLANG_WARN_ENUM_CONVERSION = YES;
				CLANG_WARN_INFINITE_RECURSION = YES;
				CLANG_WARN_INT_CONVERSION = YES;
				CLANG_WARN_NON_LITERAL_NULL_CONVERSION = YES;
				CLANG_WARN_OBJC_IMPLICIT_RETAIN_SELF = YES;
				CLANG_WARN_OBJC_LITERAL_CONVERSION = YES;
				CLANG_WARN_OBJC_ROOT_CLASS = YES_ERROR;
				CLANG_WARN_RANGE_LOOP_ANALYSIS = YES;
				CLANG_WARN_STRICT_PROTOTYPES = YES;
				CLANG_WARN_SUSPICIOUS_MOVE = YES;
				CLANG_WARN_UNGUARDED_AVAILABILITY = YES_AGGRESSIVE;
				CLANG_WARN_UNREACHABLE_CODE = YES;
				CLANG_WARN__DUPLICATE_METHOD_MATCH = YES;
				CODE_SIGN_IDENTITY = "iPhone Developer";
				COPY_PHASE_STRIP = NO;
				CURRENT_PROJECT_VERSION = 1;
				DEBUG_INFORMATION_FORMAT = dwarf;
				ENABLE_STRICT_OBJC_MSGSEND = YES;
				ENABLE_TESTABILITY = YES;
				GCC_C_LANGUAGE_STANDARD = gnu11;
				GCC_DYNAMIC_NO_PIC = NO;
				GCC_NO_COMMON_BLOCKS = YES;
				GCC_OPTIMIZATION_LEVEL = 0;
				GCC_PREPROCESSOR_DEFINITIONS = (
					"DEBUG=1",
					"$(inherited)",
				);
				GCC_WARN_64_TO_32_BIT_CONVERSION = YES;
				GCC_WARN_ABOUT_RETURN_TYPE = YES_ERROR;
				GCC_WARN_UNDECLARED_SELECTOR = YES;
				GCC_WARN_UNINITIALIZED_AUTOS = YES_AGGRESSIVE;
				GCC_WARN_UNUSED_FUNCTION = YES;
				GCC_WARN_UNUSED_VARIABLE = YES;
				IPHONEOS_DEPLOYMENT_TARGET = 11.4;
				MTL_ENABLE_DEBUG_INFO = YES;
				ONLY_ACTIVE_ARCH = YES;
				SDKROOT = iphoneos;
				SWIFT_ACTIVE_COMPILATION_CONDITIONS = DEBUG;
				SWIFT_OPTIMIZATION_LEVEL = "-Onone";
				VERSIONING_SYSTEM = "apple-generic";
				VERSION_INFO_PREFIX = "";
			};
			name = Debug;
		};
		501D6F182130BB4F00114F5A /* Release */ = {
			isa = XCBuildConfiguration;
			buildSettings = {
				ALWAYS_SEARCH_USER_PATHS = NO;
				CLANG_ANALYZER_NONNULL = YES;
				CLANG_ANALYZER_NUMBER_OBJECT_CONVERSION = YES_AGGRESSIVE;
				CLANG_CXX_LANGUAGE_STANDARD = "gnu++14";
				CLANG_CXX_LIBRARY = "libc++";
				CLANG_ENABLE_MODULES = YES;
				CLANG_ENABLE_OBJC_ARC = YES;
				CLANG_ENABLE_OBJC_WEAK = YES;
				CLANG_WARN_BLOCK_CAPTURE_AUTORELEASING = YES;
				CLANG_WARN_BOOL_CONVERSION = YES;
				CLANG_WARN_COMMA = YES;
				CLANG_WARN_CONSTANT_CONVERSION = YES;
				CLANG_WARN_DEPRECATED_OBJC_IMPLEMENTATIONS = YES;
				CLANG_WARN_DIRECT_OBJC_ISA_USAGE = YES_ERROR;
				CLANG_WARN_DOCUMENTATION_COMMENTS = YES;
				CLANG_WARN_EMPTY_BODY = YES;
				CLANG_WARN_ENUM_CONVERSION = YES;
				CLANG_WARN_INFINITE_RECURSION = YES;
				CLANG_WARN_INT_CONVERSION = YES;
				CLANG_WARN_NON_LITERAL_NULL_CONVERSION = YES;
				CLANG_WARN_OBJC_IMPLICIT_RETAIN_SELF = YES;
				CLANG_WARN_OBJC_LITERAL_CONVERSION = YES;
				CLANG_WARN_OBJC_ROOT_CLASS = YES_ERROR;
				CLANG_WARN_RANGE_LOOP_ANALYSIS = YES;
				CLANG_WARN_STRICT_PROTOTYPES = YES;
				CLANG_WARN_SUSPICIOUS_MOVE = YES;
				CLANG_WARN_UNGUARDED_AVAILABILITY = YES_AGGRESSIVE;
				CLANG_WARN_UNREACHABLE_CODE = YES;
				CLANG_WARN__DUPLICATE_METHOD_MATCH = YES;
				CODE_SIGN_IDENTITY = "iPhone Developer";
				COPY_PHASE_STRIP = NO;
				CURRENT_PROJECT_VERSION = 1;
				DEBUG_INFORMATION_FORMAT = "dwarf-with-dsym";
				ENABLE_NS_ASSERTIONS = NO;
				ENABLE_STRICT_OBJC_MSGSEND = YES;
				GCC_C_LANGUAGE_STANDARD = gnu11;
				GCC_NO_COMMON_BLOCKS = YES;
				GCC_WARN_64_TO_32_BIT_CONVERSION = YES;
				GCC_WARN_ABOUT_RETURN_TYPE = YES_ERROR;
				GCC_WARN_UNDECLARED_SELECTOR = YES;
				GCC_WARN_UNINITIALIZED_AUTOS = YES_AGGRESSIVE;
				GCC_WARN_UNUSED_FUNCTION = YES;
				GCC_WARN_UNUSED_VARIABLE = YES;
				IPHONEOS_DEPLOYMENT_TARGET = 11.4;
				MTL_ENABLE_DEBUG_INFO = NO;
				SDKROOT = iphoneos;
				SWIFT_COMPILATION_MODE = wholemodule;
				SWIFT_OPTIMIZATION_LEVEL = "-O";
				VALIDATE_PRODUCT = YES;
				VERSIONING_SYSTEM = "apple-generic";
				VERSION_INFO_PREFIX = "";
			};
			name = Release;
		};
		501D6F1A2130BB4F00114F5A /* Debug */ = {
			isa = XCBuildConfiguration;
			baseConfigurationReference = 33623749A7B5F70F970FEDAC /* Pods-MERLin.debug.xcconfig */;
			buildSettings = {
				CLANG_ENABLE_MODULES = YES;
				CODE_SIGN_IDENTITY = "";
				CODE_SIGN_STYLE = Automatic;
				DEFINES_MODULE = YES;
				DEVELOPMENT_TEAM = "";
				DYLIB_COMPATIBILITY_VERSION = 1;
				DYLIB_CURRENT_VERSION = 1;
				DYLIB_INSTALL_NAME_BASE = "@rpath";
				INFOPLIST_FILE = MERLin/Info.plist;
				INSTALL_PATH = "$(LOCAL_LIBRARY_DIR)/Frameworks";
				IPHONEOS_DEPLOYMENT_TARGET = 10.0;
				LD_RUNPATH_SEARCH_PATHS = (
					"$(inherited)",
					"@executable_path/Frameworks",
					"@loader_path/Frameworks",
				);
				MARKETING_VERSION = 3.0.1;
				PRODUCT_BUNDLE_IDENTIFIER = com.merlintech.MERLin;
				PRODUCT_NAME = "$(TARGET_NAME:c99extidentifier)";
				SKIP_INSTALL = YES;
				SUPPORTS_MACCATALYST = NO;
				SWIFT_OBJC_INTERFACE_HEADER_NAME = "$(PROJECT_NAME)-Swift.h";
				SWIFT_OPTIMIZATION_LEVEL = "-Onone";
				SWIFT_VERSION = 5.0;
				TARGETED_DEVICE_FAMILY = "1,2";
			};
			name = Debug;
		};
		501D6F1B2130BB4F00114F5A /* Release */ = {
			isa = XCBuildConfiguration;
			baseConfigurationReference = B97B39313CA69E7A56F2AB61 /* Pods-MERLin.release.xcconfig */;
			buildSettings = {
				CLANG_ENABLE_MODULES = YES;
				CODE_SIGN_IDENTITY = "";
				CODE_SIGN_STYLE = Automatic;
				DEFINES_MODULE = YES;
				DEVELOPMENT_TEAM = "";
				DYLIB_COMPATIBILITY_VERSION = 1;
				DYLIB_CURRENT_VERSION = 1;
				DYLIB_INSTALL_NAME_BASE = "@rpath";
				INFOPLIST_FILE = MERLin/Info.plist;
				INSTALL_PATH = "$(LOCAL_LIBRARY_DIR)/Frameworks";
				IPHONEOS_DEPLOYMENT_TARGET = 10.0;
				LD_RUNPATH_SEARCH_PATHS = (
					"$(inherited)",
					"@executable_path/Frameworks",
					"@loader_path/Frameworks",
				);
				MARKETING_VERSION = 3.0.1;
				PRODUCT_BUNDLE_IDENTIFIER = com.merlintech.MERLin;
				PRODUCT_NAME = "$(TARGET_NAME:c99extidentifier)";
				SKIP_INSTALL = YES;
				SUPPORTS_MACCATALYST = NO;
				SWIFT_OBJC_INTERFACE_HEADER_NAME = "$(PROJECT_NAME)-Swift.h";
				SWIFT_VERSION = 5.0;
				TARGETED_DEVICE_FAMILY = "1,2";
			};
			name = Release;
		};
		501D6F1D2130BB4F00114F5A /* Debug */ = {
			isa = XCBuildConfiguration;
			baseConfigurationReference = 7D6ACB303A58E19D09D02C30 /* Pods-MERLinTests.debug.xcconfig */;
			buildSettings = {
				CODE_SIGN_STYLE = Automatic;
				DEVELOPMENT_TEAM = ZJ8CN8P2Z5;
				INFOPLIST_FILE = MERLinTests/Info.plist;
				LD_RUNPATH_SEARCH_PATHS = (
					"$(inherited)",
					"@executable_path/Frameworks",
					"@loader_path/Frameworks",
				);
				PRODUCT_BUNDLE_IDENTIFIER = com.lanuovaera.MERLinTests;
				PRODUCT_NAME = "$(TARGET_NAME)";
				SWIFT_ACTIVE_COMPILATION_CONDITIONS = DEBUG;
				SWIFT_VERSION = 5.0;
				TARGETED_DEVICE_FAMILY = "1,2";
			};
			name = Debug;
		};
		501D6F1E2130BB4F00114F5A /* Release */ = {
			isa = XCBuildConfiguration;
			baseConfigurationReference = 991493BFED89BD6235B81FD6 /* Pods-MERLinTests.release.xcconfig */;
			buildSettings = {
				CODE_SIGN_STYLE = Automatic;
				DEVELOPMENT_TEAM = ZJ8CN8P2Z5;
				INFOPLIST_FILE = MERLinTests/Info.plist;
				LD_RUNPATH_SEARCH_PATHS = (
					"$(inherited)",
					"@executable_path/Frameworks",
					"@loader_path/Frameworks",
				);
				PRODUCT_BUNDLE_IDENTIFIER = com.lanuovaera.MERLinTests;
				PRODUCT_NAME = "$(TARGET_NAME)";
				SWIFT_VERSION = 5.0;
				TARGETED_DEVICE_FAMILY = "1,2";
			};
			name = Release;
		};
/* End XCBuildConfiguration section */

/* Begin XCConfigurationList section */
		501D6EFF2130BB4F00114F5A /* Build configuration list for PBXProject "MERLin" */ = {
			isa = XCConfigurationList;
			buildConfigurations = (
				501D6F172130BB4F00114F5A /* Debug */,
				50098A212219DC0E00CCC65A /* Test */,
				501D6F182130BB4F00114F5A /* Release */,
			);
			defaultConfigurationIsVisible = 0;
			defaultConfigurationName = Release;
		};
		501D6F192130BB4F00114F5A /* Build configuration list for PBXNativeTarget "MERLin" */ = {
			isa = XCConfigurationList;
			buildConfigurations = (
				501D6F1A2130BB4F00114F5A /* Debug */,
				50098A222219DC0E00CCC65A /* Test */,
				501D6F1B2130BB4F00114F5A /* Release */,
			);
			defaultConfigurationIsVisible = 0;
			defaultConfigurationName = Release;
		};
		501D6F1C2130BB4F00114F5A /* Build configuration list for PBXNativeTarget "MERLinTests" */ = {
			isa = XCConfigurationList;
			buildConfigurations = (
				501D6F1D2130BB4F00114F5A /* Debug */,
				50098A232219DC0E00CCC65A /* Test */,
				501D6F1E2130BB4F00114F5A /* Release */,
			);
			defaultConfigurationIsVisible = 0;
			defaultConfigurationName = Release;
		};
/* End XCConfigurationList section */
	};
	rootObject = 501D6EFC2130BB4F00114F5A /* Project object */;
}
