PODS:
  - LNZWeakCollection (1.2.0)
  - MERLin (1.3.0):
    - LNZWeakCollection (~> 1.2.0)
    - RxCocoa (~> 4.2.0)
  - RxCocoa (4.2.0):
    - RxSwift (~> 4.0)
  - RxSwift (4.2.0)

DEPENDENCIES:
  - MERLin (from `../`)

SPEC REPOS:
  https://github.com/cocoapods/specs.git:
    - LNZWeakCollection
    - RxCocoa
    - RxSwift

EXTERNAL SOURCES:
  MERLin:
    :path: "../"

SPEC CHECKSUMS:
  LNZWeakCollection: 1e3ef61bc5ea104e8c9f36ed5a4a03667b413088
  MERLin: 0363665107d82d12635c5f4fa01ca46413b0dac5
  RxCocoa: 0b54909c902e1e581212a03e690bbd94032d8baa
  RxSwift: 99e10317ddfcc7fbe01356aafd118fde4a0be104

PODFILE CHECKSUM: 6d8a51c8468074fe637360afb3955c849e613f2e

COCOAPODS: 1.5.3
