PODS:
  - LNZWeakCollection (1.2.0)
  - MERLin (1.4.0):
    - LNZWeakCollection (~> 1.2.0)
    - RxCocoa (~> 4.3.0)
  - RxAtomic (4.4.0)
  - RxCocoa (4.3.1):
    - RxSwift (~> 4.0)
  - RxSwift (4.4.0):
    - RxAtomic (~> 4.4)

DEPENDENCIES:
  - MERLin (from `../`)

SPEC REPOS:
  https://github.com/cocoapods/specs.git:
    - LNZWeakCollection
    - RxAtomic
    - RxCocoa
    - RxSwift

EXTERNAL SOURCES:
  MERLin:
    :path: "../"

SPEC CHECKSUMS:
  LNZWeakCollection: 1e3ef61bc5ea104e8c9f36ed5a4a03667b413088
  MERLin: fabf1b64d69ff6b837d8a143fde4c3b63adff73b
  RxAtomic: eacf60db868c96bfd63320e28619fe29c179656f
  RxCocoa: 78763c7b07d02455598d9fc3c1ad091a28b73635
  RxSwift: 5976ecd04fc2fefd648827c23de5e11157faa973

PODFILE CHECKSUM: a6ee1cdd068da55588ef8cb0033cd9d15dfe14e3

COCOAPODS: 1.5.3
